// !$*UTF8*$!
{
	archiveVersion = 1;
	classes = {
	};
	objectVersion = 46;
	objects = {

/* Begin PBXBuildFile section */
		6C7B9D941E4A9158009A9CFC /* GameOverScreen.png in Resources */ = {isa = PBXBuildFile; fileRef = 6C7B9D931E4A9158009A9CFC /* GameOverScreen.png */; };
		6C7B9D981E4AA5BE009A9CFC /* Restart.png in Resources */ = {isa = PBXBuildFile; fileRef = 6C7B9D971E4AA5BE009A9CFC /* Restart.png */; };
		6C7B9D9A1E4BA257009A9CFC /* Scoreboard.png in Resources */ = {isa = PBXBuildFile; fileRef = 6C7B9D991E4BA257009A9CFC /* Scoreboard.png */; };
		6C7B9D9C1E4BC89A009A9CFC /* Background.png in Resources */ = {isa = PBXBuildFile; fileRef = 6C7B9D9B1E4BC89A009A9CFC /* Background.png */; };
		6C7B9D9E1E4C2110009A9CFC /* HighScoreboard.png in Resources */ = {isa = PBXBuildFile; fileRef = 6C7B9D9D1E4C2110009A9CFC /* HighScoreboard.png */; };
		6CB0D60F1E3C57DD006FAAC8 /* main.m in Sources */ = {isa = PBXBuildFile; fileRef = 6CB0D60E1E3C57DD006FAAC8 /* main.m */; };
		6CB0D6121E3C57DD006FAAC8 /* AppDelegate.m in Sources */ = {isa = PBXBuildFile; fileRef = 6CB0D6111E3C57DD006FAAC8 /* AppDelegate.m */; };
		6CB0D6151E3C57DE006FAAC8 /* ViewController.m in Sources */ = {isa = PBXBuildFile; fileRef = 6CB0D6141E3C57DE006FAAC8 /* ViewController.m */; };
		6CB0D6181E3C57DE006FAAC8 /* Main.storyboard in Resources */ = {isa = PBXBuildFile; fileRef = 6CB0D6161E3C57DE006FAAC8 /* Main.storyboard */; };
		6CB0D61A1E3C57DE006FAAC8 /* Assets.xcassets in Resources */ = {isa = PBXBuildFile; fileRef = 6CB0D6191E3C57DE006FAAC8 /* Assets.xcassets */; };
		6CB0D61D1E3C57DE006FAAC8 /* LaunchScreen.storyboard in Resources */ = {isa = PBXBuildFile; fileRef = 6CB0D61B1E3C57DE006FAAC8 /* LaunchScreen.storyboard */; };
		6CB0D62D1E3C5FEF006FAAC8 /* red.png in Resources */ = {isa = PBXBuildFile; fileRef = 6CB0D6261E3C5FEF006FAAC8 /* red.png */; };
		6CB0D62E1E3C5FEF006FAAC8 /* orange.png in Resources */ = {isa = PBXBuildFile; fileRef = 6CB0D6271E3C5FEF006FAAC8 /* orange.png */; };
		6CB0D62F1E3C5FEF006FAAC8 /* yellow.png in Resources */ = {isa = PBXBuildFile; fileRef = 6CB0D6281E3C5FEF006FAAC8 /* yellow.png */; };
		6CB0D6301E3C5FEF006FAAC8 /* green.png in Resources */ = {isa = PBXBuildFile; fileRef = 6CB0D6291E3C5FEF006FAAC8 /* green.png */; };
		6CB0D6311E3C5FEF006FAAC8 /* blue.png in Resources */ = {isa = PBXBuildFile; fileRef = 6CB0D62A1E3C5FEF006FAAC8 /* blue.png */; };
		6CB0D6321E3C5FEF006FAAC8 /* light_blue.png in Resources */ = {isa = PBXBuildFile; fileRef = 6CB0D62B1E3C5FEF006FAAC8 /* light_blue.png */; };
		6CB0D6331E3C5FEF006FAAC8 /* purple.png in Resources */ = {isa = PBXBuildFile; fileRef = 6CB0D62C1E3C5FEF006FAAC8 /* purple.png */; };
		6CD08D2D1E42A3E0005909DD /* 2.png in Resources */ = {isa = PBXBuildFile; fileRef = 6CD08D211E42A3E0005909DD /* 2.png */; };
		6CD08D2E1E42A3E0005909DD /* 4.png in Resources */ = {isa = PBXBuildFile; fileRef = 6CD08D221E42A3E0005909DD /* 4.png */; };
		6CD08D2F1E42A3E0005909DD /* 8.png in Resources */ = {isa = PBXBuildFile; fileRef = 6CD08D231E42A3E0005909DD /* 8.png */; };
		6CD08D301E42A3E0005909DD /* 16.png in Resources */ = {isa = PBXBuildFile; fileRef = 6CD08D241E42A3E0005909DD /* 16.png */; };
		6CD08D311E42A3E0005909DD /* 32.png in Resources */ = {isa = PBXBuildFile; fileRef = 6CD08D251E42A3E0005909DD /* 32.png */; };
		6CD08D321E42A3E0005909DD /* 64.png in Resources */ = {isa = PBXBuildFile; fileRef = 6CD08D261E42A3E0005909DD /* 64.png */; };
		6CD08D331E42A3E0005909DD /* 128.png in Resources */ = {isa = PBXBuildFile; fileRef = 6CD08D271E42A3E0005909DD /* 128.png */; };
		6CD08D341E42A3E0005909DD /* 256.png in Resources */ = {isa = PBXBuildFile; fileRef = 6CD08D281E42A3E0005909DD /* 256.png */; };
		6CD08D351E42A3E0005909DD /* 512.png in Resources */ = {isa = PBXBuildFile; fileRef = 6CD08D291E42A3E0005909DD /* 512.png */; };
		6CD08D361E42A3E0005909DD /* 1024.png in Resources */ = {isa = PBXBuildFile; fileRef = 6CD08D2A1E42A3E0005909DD /* 1024.png */; };
		6CD08D371E42A3E0005909DD /* 2048.png in Resources */ = {isa = PBXBuildFile; fileRef = 6CD08D2B1E42A3E0005909DD /* 2048.png */; };
		6CD08D381E42A3E0005909DD /* 4096.png in Resources */ = {isa = PBXBuildFile; fileRef = 6CD08D2C1E42A3E0005909DD /* 4096.png */; };
/* End PBXBuildFile section */

/* Begin PBXFileReference section */
		6C7B9D931E4A9158009A9CFC /* GameOverScreen.png */ = {isa = PBXFileReference; lastKnownFileType = image.png; path = GameOverScreen.png; sourceTree = "<group>"; };
		6C7B9D971E4AA5BE009A9CFC /* Restart.png */ = {isa = PBXFileReference; lastKnownFileType = image.png; path = Restart.png; sourceTree = "<group>"; };
		6C7B9D991E4BA257009A9CFC /* Scoreboard.png */ = {isa = PBXFileReference; lastKnownFileType = image.png; path = Scoreboard.png; sourceTree = "<group>"; };
		6C7B9D9B1E4BC89A009A9CFC /* Background.png */ = {isa = PBXFileReference; lastKnownFileType = image.png; path = Background.png; sourceTree = "<group>"; };
		6C7B9D9D1E4C2110009A9CFC /* HighScoreboard.png */ = {isa = PBXFileReference; lastKnownFileType = image.png; path = HighScoreboard.png; sourceTree = "<group>"; };
		6CB0D60A1E3C57DD006FAAC8 /* P02-Kim.app */ = {isa = PBXFileReference; explicitFileType = wrapper.application; includeInIndex = 0; path = "P02-Kim.app"; sourceTree = BUILT_PRODUCTS_DIR; };
		6CB0D60E1E3C57DD006FAAC8 /* main.m */ = {isa = PBXFileReference; lastKnownFileType = sourcecode.c.objc; path = main.m; sourceTree = "<group>"; };
		6CB0D6101E3C57DD006FAAC8 /* AppDelegate.h */ = {isa = PBXFileReference; lastKnownFileType = sourcecode.c.h; path = AppDelegate.h; sourceTree = "<group>"; };
		6CB0D6111E3C57DD006FAAC8 /* AppDelegate.m */ = {isa = PBXFileReference; lastKnownFileType = sourcecode.c.objc; path = AppDelegate.m; sourceTree = "<group>"; };
		6CB0D6131E3C57DD006FAAC8 /* ViewController.h */ = {isa = PBXFileReference; lastKnownFileType = sourcecode.c.h; path = ViewController.h; sourceTree = "<group>"; };
		6CB0D6141E3C57DE006FAAC8 /* ViewController.m */ = {isa = PBXFileReference; lastKnownFileType = sourcecode.c.objc; path = ViewController.m; sourceTree = "<group>"; };
		6CB0D6171E3C57DE006FAAC8 /* Base */ = {isa = PBXFileReference; lastKnownFileType = file.storyboard; name = Base; path = Base.lproj/Main.storyboard; sourceTree = "<group>"; };
		6CB0D6191E3C57DE006FAAC8 /* Assets.xcassets */ = {isa = PBXFileReference; lastKnownFileType = folder.assetcatalog; path = Assets.xcassets; sourceTree = "<group>"; };
		6CB0D61C1E3C57DE006FAAC8 /* Base */ = {isa = PBXFileReference; lastKnownFileType = file.storyboard; name = Base; path = Base.lproj/LaunchScreen.storyboard; sourceTree = "<group>"; };
		6CB0D61E1E3C57DE006FAAC8 /* Info.plist */ = {isa = PBXFileReference; lastKnownFileType = text.plist.xml; path = Info.plist; sourceTree = "<group>"; };
		6CB0D6261E3C5FEF006FAAC8 /* red.png */ = {isa = PBXFileReference; lastKnownFileType = image.png; path = red.png; sourceTree = "<group>"; };
		6CB0D6271E3C5FEF006FAAC8 /* orange.png */ = {isa = PBXFileReference; lastKnownFileType = image.png; path = orange.png; sourceTree = "<group>"; };
		6CB0D6281E3C5FEF006FAAC8 /* yellow.png */ = {isa = PBXFileReference; lastKnownFileType = image.png; path = yellow.png; sourceTree = "<group>"; };
		6CB0D6291E3C5FEF006FAAC8 /* green.png */ = {isa = PBXFileReference; lastKnownFileType = image.png; path = green.png; sourceTree = "<group>"; };
		6CB0D62A1E3C5FEF006FAAC8 /* blue.png */ = {isa = PBXFileReference; lastKnownFileType = image.png; path = blue.png; sourceTree = "<group>"; };
		6CB0D62B1E3C5FEF006FAAC8 /* light_blue.png */ = {isa = PBXFileReference; lastKnownFileType = image.png; path = light_blue.png; sourceTree = "<group>"; };
		6CB0D62C1E3C5FEF006FAAC8 /* purple.png */ = {isa = PBXFileReference; lastKnownFileType = image.png; path = purple.png; sourceTree = "<group>"; };
		6CD08D211E42A3E0005909DD /* 2.png */ = {isa = PBXFileReference; lastKnownFileType = image.png; path = 2.png; sourceTree = "<group>"; };
		6CD08D221E42A3E0005909DD /* 4.png */ = {isa = PBXFileReference; lastKnownFileType = image.png; path = 4.png; sourceTree = "<group>"; };
		6CD08D231E42A3E0005909DD /* 8.png */ = {isa = PBXFileReference; lastKnownFileType = image.png; path = 8.png; sourceTree = "<group>"; };
		6CD08D241E42A3E0005909DD /* 16.png */ = {isa = PBXFileReference; lastKnownFileType = image.png; path = 16.png; sourceTree = "<group>"; };
		6CD08D251E42A3E0005909DD /* 32.png */ = {isa = PBXFileReference; lastKnownFileType = image.png; path = 32.png; sourceTree = "<group>"; };
		6CD08D261E42A3E0005909DD /* 64.png */ = {isa = PBXFileReference; lastKnownFileType = image.png; path = 64.png; sourceTree = "<group>"; };
		6CD08D271E42A3E0005909DD /* 128.png */ = {isa = PBXFileReference; lastKnownFileType = image.png; path = 128.png; sourceTree = "<group>"; };
		6CD08D281E42A3E0005909DD /* 256.png */ = {isa = PBXFileReference; lastKnownFileType = image.png; path = 256.png; sourceTree = "<group>"; };
		6CD08D291E42A3E0005909DD /* 512.png */ = {isa = PBXFileReference; lastKnownFileType = image.png; path = 512.png; sourceTree = "<group>"; };
		6CD08D2A1E42A3E0005909DD /* 1024.png */ = {isa = PBXFileReference; lastKnownFileType = image.png; path = 1024.png; sourceTree = "<group>"; };
		6CD08D2B1E42A3E0005909DD /* 2048.png */ = {isa = PBXFileReference; lastKnownFileType = image.png; path = 2048.png; sourceTree = "<group>"; };
		6CD08D2C1E42A3E0005909DD /* 4096.png */ = {isa = PBXFileReference; lastKnownFileType = image.png; path = 4096.png; sourceTree = "<group>"; };
/* End PBXFileReference section */

/* Begin PBXFrameworksBuildPhase section */
		6CB0D6071E3C57DD006FAAC8 /* Frameworks */ = {
			isa = PBXFrameworksBuildPhase;
			buildActionMask = 2147483647;
			files = (
			);
			runOnlyForDeploymentPostprocessing = 0;
		};
/* End PBXFrameworksBuildPhase section */

/* Begin PBXGroup section */
		6C7B9D961E4A9197009A9CFC /* UI Picture */ = {
			isa = PBXGroup;
			children = (
				6C7B9D9D1E4C2110009A9CFC /* HighScoreboard.png */,
				6C7B9D9B1E4BC89A009A9CFC /* Background.png */,
				6C7B9D991E4BA257009A9CFC /* Scoreboard.png */,
				6C7B9D971E4AA5BE009A9CFC /* Restart.png */,
				6C7B9D931E4A9158009A9CFC /* GameOverScreen.png */,
			);
			name = "UI Picture";
			sourceTree = "<group>";
		};
		6CB0D6011E3C57DD006FAAC8 = {
			isa = PBXGroup;
			children = (
				6CB0D60C1E3C57DD006FAAC8 /* P02-Kim */,
				6CB0D60B1E3C57DD006FAAC8 /* Products */,
			);
			sourceTree = "<group>";
		};
		6CB0D60B1E3C57DD006FAAC8 /* Products */ = {
			isa = PBXGroup;
			children = (
				6CB0D60A1E3C57DD006FAAC8 /* P02-Kim.app */,
			);
			name = Products;
			sourceTree = "<group>";
		};
		6CB0D60C1E3C57DD006FAAC8 /* P02-Kim */ = {
			isa = PBXGroup;
			children = (
				6CB0D6101E3C57DD006FAAC8 /* AppDelegate.h */,
				6CB0D6111E3C57DD006FAAC8 /* AppDelegate.m */,
				6CB0D6131E3C57DD006FAAC8 /* ViewController.h */,
				6CB0D6141E3C57DE006FAAC8 /* ViewController.m */,
				6CB0D6161E3C57DE006FAAC8 /* Main.storyboard */,
				6CB0D6191E3C57DE006FAAC8 /* Assets.xcassets */,
				6CB0D61B1E3C57DE006FAAC8 /* LaunchScreen.storyboard */,
				6CB0D61E1E3C57DE006FAAC8 /* Info.plist */,
				6C7B9D961E4A9197009A9CFC /* UI Picture */,
				6CD08D081E42A37E005909DD /* Numbers */,
				6CD08D071E4116BA005909DD /* Board Colors */,
				6CB0D60D1E3C57DD006FAAC8 /* Supporting Files */,
			);
			path = "P02-Kim";
			sourceTree = "<group>";
		};
		6CB0D60D1E3C57DD006FAAC8 /* Supporting Files */ = {
			isa = PBXGroup;
			children = (
				6CB0D60E1E3C57DD006FAAC8 /* main.m */,
			);
			name = "Supporting Files";
			sourceTree = "<group>";
		};
		6CD08D071E4116BA005909DD /* Board Colors */ = {
			isa = PBXGroup;
			children = (
				6CB0D6261E3C5FEF006FAAC8 /* red.png */,
				6CB0D6271E3C5FEF006FAAC8 /* orange.png */,
				6CB0D6281E3C5FEF006FAAC8 /* yellow.png */,
				6CB0D6291E3C5FEF006FAAC8 /* green.png */,
				6CB0D62A1E3C5FEF006FAAC8 /* blue.png */,
				6CB0D62B1E3C5FEF006FAAC8 /* light_blue.png */,
				6CB0D62C1E3C5FEF006FAAC8 /* purple.png */,
			);
			name = "Board Colors";
			sourceTree = "<group>";
		};
		6CD08D081E42A37E005909DD /* Numbers */ = {
			isa = PBXGroup;
			children = (
				6CD08D211E42A3E0005909DD /* 2.png */,
				6CD08D221E42A3E0005909DD /* 4.png */,
				6CD08D231E42A3E0005909DD /* 8.png */,
				6CD08D241E42A3E0005909DD /* 16.png */,
				6CD08D251E42A3E0005909DD /* 32.png */,
				6CD08D261E42A3E0005909DD /* 64.png */,
				6CD08D271E42A3E0005909DD /* 128.png */,
				6CD08D281E42A3E0005909DD /* 256.png */,
				6CD08D291E42A3E0005909DD /* 512.png */,
				6CD08D2A1E42A3E0005909DD /* 1024.png */,
				6CD08D2B1E42A3E0005909DD /* 2048.png */,
				6CD08D2C1E42A3E0005909DD /* 4096.png */,
			);
			name = Numbers;
			sourceTree = "<group>";
		};
/* End PBXGroup section */

/* Begin PBXNativeTarget section */
		6CB0D6091E3C57DD006FAAC8 /* P02-Kim */ = {
			isa = PBXNativeTarget;
			buildConfigurationList = 6CB0D6211E3C57DE006FAAC8 /* Build configuration list for PBXNativeTarget "P02-Kim" */;
			buildPhases = (
				6CB0D6061E3C57DD006FAAC8 /* Sources */,
				6CB0D6071E3C57DD006FAAC8 /* Frameworks */,
				6CB0D6081E3C57DD006FAAC8 /* Resources */,
			);
			buildRules = (
			);
			dependencies = (
			);
			name = "P02-Kim";
			productName = "P02-Kim";
			productReference = 6CB0D60A1E3C57DD006FAAC8 /* P02-Kim.app */;
			productType = "com.apple.product-type.application";
		};
/* End PBXNativeTarget section */

/* Begin PBXProject section */
		6CB0D6021E3C57DD006FAAC8 /* Project object */ = {
			isa = PBXProject;
			attributes = {
				LastUpgradeCheck = 0820;
				ORGANIZATIONNAME = Joe;
				TargetAttributes = {
					6CB0D6091E3C57DD006FAAC8 = {
						CreatedOnToolsVersion = 8.2.1;
						ProvisioningStyle = Automatic;
					};
				};
			};
			buildConfigurationList = 6CB0D6051E3C57DD006FAAC8 /* Build configuration list for PBXProject "P02-Kim" */;
			compatibilityVersion = "Xcode 3.2";
			developmentRegion = English;
			hasScannedForEncodings = 0;
			knownRegions = (
				en,
				Base,
			);
			mainGroup = 6CB0D6011E3C57DD006FAAC8;
			productRefGroup = 6CB0D60B1E3C57DD006FAAC8 /* Products */;
			projectDirPath = "";
			projectRoot = "";
			targets = (
				6CB0D6091E3C57DD006FAAC8 /* P02-Kim */,
			);
		};
/* End PBXProject section */

/* Begin PBXResourcesBuildPhase section */
		6CB0D6081E3C57DD006FAAC8 /* Resources */ = {
			isa = PBXResourcesBuildPhase;
			buildActionMask = 2147483647;
			files = (
				6CD08D2E1E42A3E0005909DD /* 4.png in Resources */,
				6CD08D331E42A3E0005909DD /* 128.png in Resources */,
				6CD08D361E42A3E0005909DD /* 1024.png in Resources */,
				6CD08D2D1E42A3E0005909DD /* 2.png in Resources */,
				6CB0D6301E3C5FEF006FAAC8 /* green.png in Resources */,
				6CD08D321E42A3E0005909DD /* 64.png in Resources */,
				6C7B9D9E1E4C2110009A9CFC /* HighScoreboard.png in Resources */,
				6CD08D371E42A3E0005909DD /* 2048.png in Resources */,
				6CB0D61D1E3C57DE006FAAC8 /* LaunchScreen.storyboard in Resources */,
				6C7B9D941E4A9158009A9CFC /* GameOverScreen.png in Resources */,
				6CD08D301E42A3E0005909DD /* 16.png in Resources */,
				6CD08D311E42A3E0005909DD /* 32.png in Resources */,
				6CB0D6321E3C5FEF006FAAC8 /* light_blue.png in Resources */,
				6CB0D62F1E3C5FEF006FAAC8 /* yellow.png in Resources */,
				6CD08D381E42A3E0005909DD /* 4096.png in Resources */,
				6CB0D6311E3C5FEF006FAAC8 /* blue.png in Resources */,
				6CB0D62D1E3C5FEF006FAAC8 /* red.png in Resources */,
				6CB0D61A1E3C57DE006FAAC8 /* Assets.xcassets in Resources */,
				6C7B9D9C1E4BC89A009A9CFC /* Background.png in Resources */,
				6CD08D2F1E42A3E0005909DD /* 8.png in Resources */,
				6CB0D6331E3C5FEF006FAAC8 /* purple.png in Resources */,
				6C7B9D981E4AA5BE009A9CFC /* Restart.png in Resources */,
				6C7B9D9A1E4BA257009A9CFC /* Scoreboard.png in Resources */,
				6CD08D351E42A3E0005909DD /* 512.png in Resources */,
				6CD08D341E42A3E0005909DD /* 256.png in Resources */,
				6CB0D62E1E3C5FEF006FAAC8 /* orange.png in Resources */,
				6CB0D6181E3C57DE006FAAC8 /* Main.storyboard in Resources */,
			);
			runOnlyForDeploymentPostprocessing = 0;
		};
/* End PBXResourcesBuildPhase section */

/* Begin PBXSourcesBuildPhase section */
		6CB0D6061E3C57DD006FAAC8 /* Sources */ = {
			isa = PBXSourcesBuildPhase;
			buildActionMask = 2147483647;
			files = (
				6CB0D6151E3C57DE006FAAC8 /* ViewController.m in Sources */,
				6CB0D6121E3C57DD006FAAC8 /* AppDelegate.m in Sources */,
				6CB0D60F1E3C57DD006FAAC8 /* main.m in Sources */,
			);
			runOnlyForDeploymentPostprocessing = 0;
		};
/* End PBXSourcesBuildPhase section */

/* Begin PBXVariantGroup section */
		6CB0D6161E3C57DE006FAAC8 /* Main.storyboard */ = {
			isa = PBXVariantGroup;
			children = (
				6CB0D6171E3C57DE006FAAC8 /* Base */,
			);
			name = Main.storyboard;
			sourceTree = "<group>";
		};
		6CB0D61B1E3C57DE006FAAC8 /* LaunchScreen.storyboard */ = {
			isa = PBXVariantGroup;
			children = (
				6CB0D61C1E3C57DE006FAAC8 /* Base */,
			);
			name = LaunchScreen.storyboard;
			sourceTree = "<group>";
		};
/* End PBXVariantGroup section */

/* Begin XCBuildConfiguration section */
		6CB0D61F1E3C57DE006FAAC8 /* Debug */ = {
			isa = XCBuildConfiguration;
			buildSettings = {
				ALWAYS_SEARCH_USER_PATHS = NO;
				CLANG_ANALYZER_NONNULL = YES;
				CLANG_CXX_LANGUAGE_STANDARD = "gnu++0x";
				CLANG_CXX_LIBRARY = "libc++";
				CLANG_ENABLE_MODULES = YES;
				CLANG_ENABLE_OBJC_ARC = YES;
				CLANG_WARN_BOOL_CONVERSION = YES;
				CLANG_WARN_CONSTANT_CONVERSION = YES;
				CLANG_WARN_DIRECT_OBJC_ISA_USAGE = YES_ERROR;
				CLANG_WARN_DOCUMENTATION_COMMENTS = YES;
				CLANG_WARN_EMPTY_BODY = YES;
				CLANG_WARN_ENUM_CONVERSION = YES;
				CLANG_WARN_INFINITE_RECURSION = YES;
				CLANG_WARN_INT_CONVERSION = YES;
				CLANG_WARN_OBJC_ROOT_CLASS = YES_ERROR;
				CLANG_WARN_SUSPICIOUS_MOVE = YES;
				CLANG_WARN_UNREACHABLE_CODE = YES;
				CLANG_WARN__DUPLICATE_METHOD_MATCH = YES;
				"CODE_SIGN_IDENTITY[sdk=iphoneos*]" = "iPhone Developer";
				COPY_PHASE_STRIP = NO;
				DEBUG_INFORMATION_FORMAT = dwarf;
				ENABLE_STRICT_OBJC_MSGSEND = YES;
				ENABLE_TESTABILITY = YES;
				GCC_C_LANGUAGE_STANDARD = gnu99;
				GCC_DYNAMIC_NO_PIC = NO;
				GCC_NO_COMMON_BLOCKS = YES;
				GCC_OPTIMIZATION_LEVEL = 0;
				GCC_PREPROCESSOR_DEFINITIONS = (
					"DEBUG=1",
					"$(inherited)",
				);
				GCC_WARN_64_TO_32_BIT_CONVERSION = YES;
				GCC_WARN_ABOUT_RETURN_TYPE = YES_ERROR;
				GCC_WARN_UNDECLARED_SELECTOR = YES;
				GCC_WARN_UNINITIALIZED_AUTOS = YES_AGGRESSIVE;
				GCC_WARN_UNUSED_FUNCTION = YES;
				GCC_WARN_UNUSED_VARIABLE = YES;
				IPHONEOS_DEPLOYMENT_TARGET = 10.2;
				MTL_ENABLE_DEBUG_INFO = YES;
				ONLY_ACTIVE_ARCH = YES;
				SDKROOT = iphoneos;
			};
			name = Debug;
		};
		6CB0D6201E3C57DE006FAAC8 /* Release */ = {
			isa = XCBuildConfiguration;
			buildSettings = {
				ALWAYS_SEARCH_USER_PATHS = NO;
				CLANG_ANALYZER_NONNULL = YES;
				CLANG_CXX_LANGUAGE_STANDARD = "gnu++0x";
				CLANG_CXX_LIBRARY = "libc++";
				CLANG_ENABLE_MODULES = YES;
				CLANG_ENABLE_OBJC_ARC = YES;
				CLANG_WARN_BOOL_CONVERSION = YES;
				CLANG_WARN_CONSTANT_CONVERSION = YES;
				CLANG_WARN_DIRECT_OBJC_ISA_USAGE = YES_ERROR;
				CLANG_WARN_DOCUMENTATION_COMMENTS = YES;
				CLANG_WARN_EMPTY_BODY = YES;
				CLANG_WARN_ENUM_CONVERSION = YES;
				CLANG_WARN_INFINITE_RECURSION = YES;
				CLANG_WARN_INT_CONVERSION = YES;
				CLANG_WARN_OBJC_ROOT_CLASS = YES_ERROR;
				CLANG_WARN_SUSPICIOUS_MOVE = YES;
				CLANG_WARN_UNREACHABLE_CODE = YES;
				CLANG_WARN__DUPLICATE_METHOD_MATCH = YES;
				"CODE_SIGN_IDENTITY[sdk=iphoneos*]" = "iPhone Developer";
				COPY_PHASE_STRIP = NO;
				DEBUG_INFORMATION_FORMAT = "dwarf-with-dsym";
				ENABLE_NS_ASSERTIONS = NO;
				ENABLE_STRICT_OBJC_MSGSEND = YES;
				GCC_C_LANGUAGE_STANDARD = gnu99;
				GCC_NO_COMMON_BLOCKS = YES;
				GCC_WARN_64_TO_32_BIT_CONVERSION = YES;
				GCC_WARN_ABOUT_RETURN_TYPE = YES_ERROR;
				GCC_WARN_UNDECLARED_SELECTOR = YES;
				GCC_WARN_UNINITIALIZED_AUTOS = YES_AGGRESSIVE;
				GCC_WARN_UNUSED_FUNCTION = YES;
				GCC_WARN_UNUSED_VARIABLE = YES;
				IPHONEOS_DEPLOYMENT_TARGET = 10.2;
				MTL_ENABLE_DEBUG_INFO = NO;
				SDKROOT = iphoneos;
				VALIDATE_PRODUCT = YES;
			};
			name = Release;
		};
		6CB0D6221E3C57DE006FAAC8 /* Debug */ = {
			isa = XCBuildConfiguration;
			buildSettings = {
				ASSETCATALOG_COMPILER_APPICON_NAME = AppIcon;
				INFOPLIST_FILE = "P02-Kim/Info.plist";
				LD_RUNPATH_SEARCH_PATHS = "$(inherited) @executable_path/Frameworks";
				PRODUCT_BUNDLE_IDENTIFIER = "Joe.P02-Kim";
				PRODUCT_NAME = "$(TARGET_NAME)";
			};
			name = Debug;
		};
		6CB0D6231E3C57DE006FAAC8 /* Release */ = {
			isa = XCBuildConfiguration;
			buildSettings = {
				ASSETCATALOG_COMPILER_APPICON_NAME = AppIcon;
				INFOPLIST_FILE = "P02-Kim/Info.plist";
				LD_RUNPATH_SEARCH_PATHS = "$(inherited) @executable_path/Frameworks";
				PRODUCT_BUNDLE_IDENTIFIER = "Joe.P02-Kim";
				PRODUCT_NAME = "$(TARGET_NAME)";
			};
			name = Release;
		};
/* End XCBuildConfiguration section */

/* Begin XCConfigurationList section */
		6CB0D6051E3C57DD006FAAC8 /* Build configuration list for PBXProject "P02-Kim" */ = {
			isa = XCConfigurationList;
			buildConfigurations = (
				6CB0D61F1E3C57DE006FAAC8 /* Debug */,
				6CB0D6201E3C57DE006FAAC8 /* Release */,
			);
			defaultConfigurationIsVisible = 0;
			defaultConfigurationName = Release;
		};
		6CB0D6211E3C57DE006FAAC8 /* Build configuration list for PBXNativeTarget "P02-Kim" */ = {
			isa = XCConfigurationList;
			buildConfigurations = (
				6CB0D6221E3C57DE006FAAC8 /* Debug */,
				6CB0D6231E3C57DE006FAAC8 /* Release */,
			);
			defaultConfigurationIsVisible = 0;
			defaultConfigurationName = Release;
		};
/* End XCConfigurationList section */
	};
	rootObject = 6CB0D6021E3C57DD006FAAC8 /* Project object */;
}
