// !$*UTF8*$!
{
	archiveVersion = 1;
	classes = {
	};
	objectVersion = 46;
	objects = {

/* Begin PBXBuildFile section */
		6CB0D60F1E3C57DD006FAAC8 /* main.m in Sources */ = {isa = PBXBuildFile; fileRef = 6CB0D60E1E3C57DD006FAAC8 /* main.m */; };
		6CB0D6121E3C57DD006FAAC8 /* AppDelegate.m in Sources */ = {isa = PBXBuildFile; fileRef = 6CB0D6111E3C57DD006FAAC8 /* AppDelegate.m */; };
		6CB0D6151E3C57DE006FAAC8 /* ViewController.m in Sources */ = {isa = PBXBuildFile; fileRef = 6CB0D6141E3C57DE006FAAC8 /* ViewController.m */; };
		6CB0D6181E3C57DE006FAAC8 /* Main.storyboard in Resources */ = {isa = PBXBuildFile; fileRef = 6CB0D6161E3C57DE006FAAC8 /* Main.storyboard */; };
		6CB0D61A1E3C57DE006FAAC8 /* Assets.xcassets in Resources */ = {isa = PBXBuildFile; fileRef = 6CB0D6191E3C57DE006FAAC8 /* Assets.xcassets */; };
		6CB0D61D1E3C57DE006FAAC8 /* LaunchScreen.storyboard in Resources */ = {isa = PBXBuildFile; fileRef = 6CB0D61B1E3C57DE006FAAC8 /* LaunchScreen.storyboard */; };
/* End PBXBuildFile section */

/* Begin PBXFileReference section */
		6CB0D60A1E3C57DD006FAAC8 /* P02-Kim.app */ = {isa = PBXFileReference; explicitFileType = wrapper.application; includeInIndex = 0; path = "P02-Kim.app"; sourceTree = BUILT_PRODUCTS_DIR; };
		6CB0D60E1E3C57DD006FAAC8 /* main.m */ = {isa = PBXFileReference; lastKnownFileType = sourcecode.c.objc; path = main.m; sourceTree = "<group>"; };
		6CB0D6101E3C57DD006FAAC8 /* AppDelegate.h */ = {isa = PBXFileReference; lastKnownFileType = sourcecode.c.h; path = AppDelegate.h; sourceTree = "<group>"; };
		6CB0D6111E3C57DD006FAAC8 /* AppDelegate.m */ = {isa = PBXFileReference; lastKnownFileType = sourcecode.c.objc; path = AppDelegate.m; sourceTree = "<group>"; };
		6CB0D6131E3C57DD006FAAC8 /* ViewController.h */ = {isa = PBXFileReference; lastKnownFileType = sourcecode.c.h; path = ViewController.h; sourceTree = "<group>"; };
		6CB0D6141E3C57DE006FAAC8 /* ViewController.m */ = {isa = PBXFileReference; lastKnownFileType = sourcecode.c.objc; path = ViewController.m; sourceTree = "<group>"; };
		6CB0D6171E3C57DE006FAAC8 /* Base */ = {isa = PBXFileReference; lastKnownFileType = file.storyboard; name = Base; path = Base.lproj/Main.storyboard; sourceTree = "<group>"; };
		6CB0D6191E3C57DE006FAAC8 /* Assets.xcassets */ = {isa = PBXFileReference; lastKnownFileType = folder.assetcatalog; path = Assets.xcassets; sourceTree = "<group>"; };
		6CB0D61C1E3C57DE006FAAC8 /* Base */ = {isa = PBXFileReference; lastKnownFileType = file.storyboard; name = Base; path = Base.lproj/LaunchScreen.storyboard; sourceTree = "<group>"; };
		6CB0D61E1E3C57DE006FAAC8 /* Info.plist */ = {isa = PBXFileReference; lastKnownFileType = text.plist.xml; path = Info.plist; sourceTree = "<group>"; };
/* End PBXFileReference section */

/* Begin PBXFrameworksBuildPhase section */
		6CB0D6071E3C57DD006FAAC8 /* Frameworks */ = {
			isa = PBXFrameworksBuildPhase;
			buildActionMask = 2147483647;
			files = (
			);
			runOnlyForDeploymentPostprocessing = 0;
		};
/* End PBXFrameworksBuildPhase section */

/* Begin PBXGroup section */
		6CB0D6011E3C57DD006FAAC8 = {
			isa = PBXGroup;
			children = (
				6CB0D60C1E3C57DD006FAAC8 /* P02-Kim */,
				6CB0D60B1E3C57DD006FAAC8 /* Products */,
			);
			sourceTree = "<group>";
		};
		6CB0D60B1E3C57DD006FAAC8 /* Products */ = {
			isa = PBXGroup;
			children = (
				6CB0D60A1E3C57DD006FAAC8 /* P02-Kim.app */,
			);
			name = Products;
			sourceTree = "<group>";
		};
		6CB0D60C1E3C57DD006FAAC8 /* P02-Kim */ = {
			isa = PBXGroup;
			children = (
				6CB0D6101E3C57DD006FAAC8 /* AppDelegate.h */,
				6CB0D6111E3C57DD006FAAC8 /* AppDelegate.m */,
				6CB0D6131E3C57DD006FAAC8 /* ViewController.h */,
				6CB0D6141E3C57DE006FAAC8 /* ViewController.m */,
				6CB0D6161E3C57DE006FAAC8 /* Main.storyboard */,
				6CB0D6191E3C57DE006FAAC8 /* Assets.xcassets */,
				6CB0D61B1E3C57DE006FAAC8 /* LaunchScreen.storyboard */,
				6CB0D61E1E3C57DE006FAAC8 /* Info.plist */,
				6CB0D60D1E3C57DD006FAAC8 /* Supporting Files */,
			);
			path = "P02-Kim";
			sourceTree = "<group>";
		};
		6CB0D60D1E3C57DD006FAAC8 /* Supporting Files */ = {
			isa = PBXGroup;
			children = (
				6CB0D60E1E3C57DD006FAAC8 /* main.m */,
			);
			name = "Supporting Files";
			sourceTree = "<group>";
		};
/* End PBXGroup section */

/* Begin PBXNativeTarget section */
		6CB0D6091E3C57DD006FAAC8 /* P02-Kim */ = {
			isa = PBXNativeTarget;
			buildConfigurationList = 6CB0D6211E3C57DE006FAAC8 /* Build configuration list for PBXNativeTarget "P02-Kim" */;
			buildPhases = (
				6CB0D6061E3C57DD006FAAC8 /* Sources */,
				6CB0D6071E3C57DD006FAAC8 /* Frameworks */,
				6CB0D6081E3C57DD006FAAC8 /* Resources */,
			);
			buildRules = (
			);
			dependencies = (
			);
			name = "P02-Kim";
			productName = "P02-Kim";
			productReference = 6CB0D60A1E3C57DD006FAAC8 /* P02-Kim.app */;
			productType = "com.apple.product-type.application";
		};
/* End PBXNativeTarget section */

/* Begin PBXProject section */
		6CB0D6021E3C57DD006FAAC8 /* Project object */ = {
			isa = PBXProject;
			attributes = {
				LastUpgradeCheck = 0820;
				ORGANIZATIONNAME = Joe;
				TargetAttributes = {
					6CB0D6091E3C57DD006FAAC8 = {
						CreatedOnToolsVersion = 8.2.1;
						ProvisioningStyle = Automatic;
					};
				};
			};
			buildConfigurationList = 6CB0D6051E3C57DD006FAAC8 /* Build configuration list for PBXProject "P02-Kim" */;
			compatibilityVersion = "Xcode 3.2";
			developmentRegion = English;
			hasScannedForEncodings = 0;
			knownRegions = (
				en,
				Base,
			);
			mainGroup = 6CB0D6011E3C57DD006FAAC8;
			productRefGroup = 6CB0D60B1E3C57DD006FAAC8 /* Products */;
			projectDirPath = "";
			projectRoot = "";
			targets = (
				6CB0D6091E3C57DD006FAAC8 /* P02-Kim */,
			);
		};
/* End PBXProject section */

/* Begin PBXResourcesBuildPhase section */
		6CB0D6081E3C57DD006FAAC8 /* Resources */ = {
			isa = PBXResourcesBuildPhase;
			buildActionMask = 2147483647;
			files = (
				6CB0D61D1E3C57DE006FAAC8 /* LaunchScreen.storyboard in Resources */,
				6CB0D61A1E3C57DE006FAAC8 /* Assets.xcassets in Resources */,
				6CB0D6181E3C57DE006FAAC8 /* Main.storyboard in Resources */,
			);
			runOnlyForDeploymentPostprocessing = 0;
		};
/* End PBXResourcesBuildPhase section */

/* Begin PBXSourcesBuildPhase section */
		6CB0D6061E3C57DD006FAAC8 /* Sources */ = {
			isa = PBXSourcesBuildPhase;
			buildActionMask = 2147483647;
			files = (
				6CB0D6151E3C57DE006FAAC8 /* ViewController.m in Sources */,
				6CB0D6121E3C57DD006FAAC8 /* AppDelegate.m in Sources */,
				6CB0D60F1E3C57DD006FAAC8 /* main.m in Sources */,
			);
			runOnlyForDeploymentPostprocessing = 0;
		};
/* End PBXSourcesBuildPhase section */

/* Begin PBXVariantGroup section */
		6CB0D6161E3C57DE006FAAC8 /* Main.storyboard */ = {
			isa = PBXVariantGroup;
			children = (
				6CB0D6171E3C57DE006FAAC8 /* Base */,
			);
			name = Main.storyboard;
			sourceTree = "<group>";
		};
		6CB0D61B1E3C57DE006FAAC8 /* LaunchScreen.storyboard */ = {
			isa = PBXVariantGroup;
			children = (
				6CB0D61C1E3C57DE006FAAC8 /* Base */,
			);
			name = LaunchScreen.storyboard;
			sourceTree = "<group>";
		};
/* End PBXVariantGroup section */

/* Begin XCBuildConfiguration section */
		6CB0D61F1E3C57DE006FAAC8 /* Debug */ = {
			isa = XCBuildConfiguration;
			buildSettings = {
				ALWAYS_SEARCH_USER_PATHS = NO;
				CLANG_ANALYZER_NONNULL = YES;
				CLANG_CXX_LANGUAGE_STANDARD = "gnu++0x";
				CLANG_CXX_LIBRARY = "libc++";
				CLANG_ENABLE_MODULES = YES;
				CLANG_ENABLE_OBJC_ARC = YES;
				CLANG_WARN_BOOL_CONVERSION = YES;
				CLANG_WARN_CONSTANT_CONVERSION = YES;
				CLANG_WARN_DIRECT_OBJC_ISA_USAGE = YES_ERROR;
				CLANG_WARN_DOCUMENTATION_COMMENTS = YES;
				CLANG_WARN_EMPTY_BODY = YES;
				CLANG_WARN_ENUM_CONVERSION = YES;
				CLANG_WARN_INFINITE_RECURSION = YES;
				CLANG_WARN_INT_CONVERSION = YES;
				CLANG_WARN_OBJC_ROOT_CLASS = YES_ERROR;
				CLANG_WARN_SUSPICIOUS_MOVE = YES;
				CLANG_WARN_UNREACHABLE_CODE = YES;
				CLANG_WARN__DUPLICATE_METHOD_MATCH = YES;
				"CODE_SIGN_IDENTITY[sdk=iphoneos*]" = "iPhone Developer";
				COPY_PHASE_STRIP = NO;
				DEBUG_INFORMATION_FORMAT = dwarf;
				ENABLE_STRICT_OBJC_MSGSEND = YES;
				ENABLE_TESTABILITY = YES;
				GCC_C_LANGUAGE_STANDARD = gnu99;
				GCC_DYNAMIC_NO_PIC = NO;
				GCC_NO_COMMON_BLOCKS = YES;
				GCC_OPTIMIZATION_LEVEL = 0;
				GCC_PREPROCESSOR_DEFINITIONS = (
					"DEBUG=1",
					"$(inherited)",
				);
				GCC_WARN_64_TO_32_BIT_CONVERSION = YES;
				GCC_WARN_ABOUT_RETURN_TYPE = YES_ERROR;
				GCC_WARN_UNDECLARED_SELECTOR = YES;
				GCC_WARN_UNINITIALIZED_AUTOS = YES_AGGRESSIVE;
				GCC_WARN_UNUSED_FUNCTION = YES;
				GCC_WARN_UNUSED_VARIABLE = YES;
				IPHONEOS_DEPLOYMENT_TARGET = 10.2;
				MTL_ENABLE_DEBUG_INFO = YES;
				ONLY_ACTIVE_ARCH = YES;
				SDKROOT = iphoneos;
			};
			name = Debug;
		};
		6CB0D6201E3C57DE006FAAC8 /* Release */ = {
			isa = XCBuildConfiguration;
			buildSettings = {
				ALWAYS_SEARCH_USER_PATHS = NO;
				CLANG_ANALYZER_NONNULL = YES;
				CLANG_CXX_LANGUAGE_STANDARD = "gnu++0x";
				CLANG_CXX_LIBRARY = "libc++";
				CLANG_ENABLE_MODULES = YES;
				CLANG_ENABLE_OBJC_ARC = YES;
				CLANG_WARN_BOOL_CONVERSION = YES;
				CLANG_WARN_CONSTANT_CONVERSION = YES;
				CLANG_WARN_DIRECT_OBJC_ISA_USAGE = YES_ERROR;
				CLANG_WARN_DOCUMENTATION_COMMENTS = YES;
				CLANG_WARN_EMPTY_BODY = YES;
				CLANG_WARN_ENUM_CONVERSION = YES;
				CLANG_WARN_INFINITE_RECURSION = YES;
				CLANG_WARN_INT_CONVERSION = YES;
				CLANG_WARN_OBJC_ROOT_CLASS = YES_ERROR;
				CLANG_WARN_SUSPICIOUS_MOVE = YES;
				CLANG_WARN_UNREACHABLE_CODE = YES;
				CLANG_WARN__DUPLICATE_METHOD_MATCH = YES;
				"CODE_SIGN_IDENTITY[sdk=iphoneos*]" = "iPhone Developer";
				COPY_PHASE_STRIP = NO;
				DEBUG_INFORMATION_FORMAT = "dwarf-with-dsym";
				ENABLE_NS_ASSERTIONS = NO;
				ENABLE_STRICT_OBJC_MSGSEND = YES;
				GCC_C_LANGUAGE_STANDARD = gnu99;
				GCC_NO_COMMON_BLOCKS = YES;
				GCC_WARN_64_TO_32_BIT_CONVERSION = YES;
				GCC_WARN_ABOUT_RETURN_TYPE = YES_ERROR;
				GCC_WARN_UNDECLARED_SELECTOR = YES;
				GCC_WARN_UNINITIALIZED_AUTOS = YES_AGGRESSIVE;
				GCC_WARN_UNUSED_FUNCTION = YES;
				GCC_WARN_UNUSED_VARIABLE = YES;
				IPHONEOS_DEPLOYMENT_TARGET = 10.2;
				MTL_ENABLE_DEBUG_INFO = NO;
				SDKROOT = iphoneos;
				VALIDATE_PRODUCT = YES;
			};
			name = Release;
		};
		6CB0D6221E3C57DE006FAAC8 /* Debug */ = {
			isa = XCBuildConfiguration;
			buildSettings = {
				ASSETCATALOG_COMPILER_APPICON_NAME = AppIcon;
				INFOPLIST_FILE = "P02-Kim/Info.plist";
				LD_RUNPATH_SEARCH_PATHS = "$(inherited) @executable_path/Frameworks";
				PRODUCT_BUNDLE_IDENTIFIER = "Joe.P02-Kim";
				PRODUCT_NAME = "$(TARGET_NAME)";
			};
			name = Debug;
		};
		6CB0D6231E3C57DE006FAAC8 /* Release */ = {
			isa = XCBuildConfiguration;
			buildSettings = {
				ASSETCATALOG_COMPILER_APPICON_NAME = AppIcon;
				INFOPLIST_FILE = "P02-Kim/Info.plist";
				LD_RUNPATH_SEARCH_PATHS = "$(inherited) @executable_path/Frameworks";
				PRODUCT_BUNDLE_IDENTIFIER = "Joe.P02-Kim";
				PRODUCT_NAME = "$(TARGET_NAME)";
			};
			name = Release;
		};
/* End XCBuildConfiguration section */

/* Begin XCConfigurationList section */
		6CB0D6051E3C57DD006FAAC8 /* Build configuration list for PBXProject "P02-Kim" */ = {
			isa = XCConfigurationList;
			buildConfigurations = (
				6CB0D61F1E3C57DE006FAAC8 /* Debug */,
				6CB0D6201E3C57DE006FAAC8 /* Release */,
			);
			defaultConfigurationIsVisible = 0;
			defaultConfigurationName = Release;
		};
		6CB0D6211E3C57DE006FAAC8 /* Build configuration list for PBXNativeTarget "P02-Kim" */ = {
			isa = XCConfigurationList;
			buildConfigurations = (
				6CB0D6221E3C57DE006FAAC8 /* Debug */,
				6CB0D6231E3C57DE006FAAC8 /* Release */,
			);
			defaultConfigurationIsVisible = 0;
		};
/* End XCConfigurationList section */
	};
	rootObject = 6CB0D6021E3C57DD006FAAC8 /* Project object */;
}
